Microsoft Visual Studio Solution File, Format Version 12.00
# Visual Studio Version 17
MinimumVisualStudioVersion = 10.0.40219.1
Project("{6fc9394a-6461-41c5-999b-6ee471610e8b}") = "Ptarmigan", "Ptarmigan\Ptarmigan.csproj", "{bf218085-d19a-4cd0-accc-b3e999d11d8b}"
EndProject

Global
	GlobalSection(SolutionConfigurationPlatforms) = preSolution
		Debug|Any CPU = Debug|Any CPU
		Release|Any CPU = Release|Any CPU
	EndGlobalSection
	GlobalSection(ProjectConfigurationPlatforms) = postSolution
		{bf218085-d19a-4cd0-accc-b3e999d11d8b}.Debug|Any CPU.ActiveCfg = Debug|Any CPU
		{bf218085-d19a-4cd0-accc-b3e999d11d8b}.Debug|Any CPU.Build.0 = Debug|Any CPU
		{bf218085-d19a-4cd0-accc-b3e999d11d8b}.Release|Any CPU.ActiveCfg = Release|Any CPU
		{bf218085-d19a-4cd0-accc-b3e999d11d8b}.Release|Any CPU.Build.0 = Release|Any CPU
	EndGlobalSection
EndGlobal
