
Microsoft Visual Studio Solution File, Format Version 12.00
# Visual Studio Version 17
VisualStudioVersion = 17.14.36310.24
MinimumVisualStudioVersion = 10.0.40219.1
Project("{FAE04EC0-301F-11D3-BF4B-00C04F79EFBC}") = "MeshLib", "MeshLib\MeshLib.csproj", "{21B1690B-42F1-443D-9E8D-7116CBC82CB3}"
EndProject
Global
	GlobalSection(SolutionConfigurationPlatforms) = preSolution
		Debug|Any CPU = Debug|Any CPU
		Debug|x64 = Debug|x64
		Release|Any CPU = Release|Any CPU
		Release|x64 = Release|x64
	EndGlobalSection
	GlobalSection(ProjectConfigurationPlatforms) = postSolution
		{21B1690B-42F1-443D-9E8D-7116CBC82CB3}.Debug|Any CPU.ActiveCfg = Debug|Any CPU
		{21B1690B-42F1-443D-9E8D-7116CBC82CB3}.Debug|Any CPU.Build.0 = Debug|Any CPU
		{21B1690B-42F1-443D-9E8D-7116CBC82CB3}.Debug|x64.ActiveCfg = Debug|x64
		{21B1690B-42F1-443D-9E8D-7116CBC82CB3}.Debug|x64.Build.0 = Debug|x64
		{21B1690B-42F1-443D-9E8D-7116CBC82CB3}.Release|Any CPU.ActiveCfg = Release|Any CPU
		{21B1690B-42F1-443D-9E8D-7116CBC82CB3}.Release|Any CPU.Build.0 = Release|Any CPU
		{21B1690B-42F1-443D-9E8D-7116CBC82CB3}.Release|x64.ActiveCfg = Release|x64
		{21B1690B-42F1-443D-9E8D-7116CBC82CB3}.Release|x64.Build.0 = Release|x64
	EndGlobalSection
	GlobalSection(SolutionProperties) = preSolution
		HideSolutionNode = FALSE
	EndGlobalSection
	GlobalSection(ExtensibilityGlobals) = postSolution
		SolutionGuid = {646C9EA4-26BB-4486-B2A6-C5891644A283}
	EndGlobalSection
EndGlobal
