Microsoft Visual Studio Solution File, Format Version 12.00
# Visual Studio Version 17
MinimumVisualStudioVersion = 10.0.40219.1
Project("{99a1eda8-81c6-4967-b683-d7dcd01e92ab}") = "UAP", "UAP\UAP.csproj", "{0aedad68-37b5-450e-a59c-49ebec43cef5}"
EndProject
Project("{99a1eda8-81c6-4967-b683-d7dcd01e92ab}") = "UAP.Components", "UAP.Components\UAP.Components.csproj", "{230b7dbc-56ac-4b70-b0d1-e95aa9f1eb06}"
EndProject

Global
	GlobalSection(SolutionConfigurationPlatforms) = preSolution
		Debug|Any CPU = Debug|Any CPU
		Release|Any CPU = Release|Any CPU
	EndGlobalSection
	GlobalSection(ProjectConfigurationPlatforms) = postSolution
		{0aedad68-37b5-450e-a59c-49ebec43cef5}.Debug|Any CPU.ActiveCfg = Debug|Any CPU
		{0aedad68-37b5-450e-a59c-49ebec43cef5}.Debug|Any CPU.Build.0 = Debug|Any CPU
		{0aedad68-37b5-450e-a59c-49ebec43cef5}.Release|Any CPU.ActiveCfg = Release|Any CPU
		{0aedad68-37b5-450e-a59c-49ebec43cef5}.Release|Any CPU.Build.0 = Release|Any CPU
		{230b7dbc-56ac-4b70-b0d1-e95aa9f1eb06}.Debug|Any CPU.ActiveCfg = Debug|Any CPU
		{230b7dbc-56ac-4b70-b0d1-e95aa9f1eb06}.Debug|Any CPU.Build.0 = Debug|Any CPU
		{230b7dbc-56ac-4b70-b0d1-e95aa9f1eb06}.Release|Any CPU.ActiveCfg = Release|Any CPU
		{230b7dbc-56ac-4b70-b0d1-e95aa9f1eb06}.Release|Any CPU.Build.0 = Release|Any CPU
	EndGlobalSection
EndGlobal
