Microsoft Visual Studio Solution File, Format Version 12.00
# Visual Studio Version 17
MinimumVisualStudioVersion = 10.0.40219.1
Project("{99a1eda8-81c6-4967-b683-d7dcd01e92ab}") = "UAP", "UAP\UAP.csproj", "{ab948b27-1275-4474-beb1-7e8c008e24cb}"
EndProject

Global
	GlobalSection(SolutionConfigurationPlatforms) = preSolution
		Debug|Any CPU = Debug|Any CPU
		Release|Any CPU = Release|Any CPU
	EndGlobalSection
	GlobalSection(ProjectConfigurationPlatforms) = postSolution
		{ab948b27-1275-4474-beb1-7e8c008e24cb}.Debug|Any CPU.ActiveCfg = Debug|Any CPU
		{ab948b27-1275-4474-beb1-7e8c008e24cb}.Debug|Any CPU.Build.0 = Debug|Any CPU
		{ab948b27-1275-4474-beb1-7e8c008e24cb}.Release|Any CPU.ActiveCfg = Release|Any CPU
		{ab948b27-1275-4474-beb1-7e8c008e24cb}.Release|Any CPU.Build.0 = Release|Any CPU
	EndGlobalSection
EndGlobal
